{
  "name": "fast-zstd",
  "version": "1.0.0",
  "lockfileVersion": 2,
  "requires": true,
  "packages": {
    "": {
      "name": "fast-zstd",
      "version": "1.0.0",
      "hasInstallScript": true,
      "license": "ISC",
      "dependencies": {
        "zstd-codec": "^0.1.4"
      }
    },
    "node_modules/zstd-codec": {
      "version": "0.1.4",
      "resolved": "https://registry.npmjs.org/zstd-codec/-/zstd-codec-0.1.4.tgz",
      "integrity": "sha512-KYnWoFWgGtWyQEKNnUcb3u8ZtKO8dn5d8u+oGpxPlopqsPyv60U8suDyfk7Z7UtAO6Sk5i1aVcAs9RbaB1n36A=="
    }
  },
  "dependencies": {
    "zstd-codec": {
      "version": "0.1.4",
      "resolved": "https://registry.npmjs.org/zstd-codec/-/zstd-codec-0.1.4.tgz",
      "integrity": "sha512-KYnWoFWgGtWyQEKNnUcb3u8ZtKO8dn5d8u+oGpxPlopqsPyv60U8suDyfk7Z7UtAO6Sk5i1aVcAs9RbaB1n36A=="
    }
  }
}
